// !$*UTF8*$!
{
	archiveVersion = 1;
	classes = {
	};
	objectVersion = 46;
	objects = {

/* Begin PBXBuildFile section */
		C91E5BFC1BEEC4800043C951 /* AppDelegate.swift in Sources */ = {isa = PBXBuildFile; fileRef = C91E5BFB1BEEC4800043C951 /* AppDelegate.swift */; };
		C91E5BFE1BEEC4800043C951 /* ViewController.swift in Sources */ = {isa = PBXBuildFile; fileRef = C91E5BFD1BEEC4800043C951 /* ViewController.swift */; };
		C91E5C011BEEC4800043C951 /* Main.storyboard in Resources */ = {isa = PBXBuildFile; fileRef = C91E5BFF1BEEC4800043C951 /* Main.storyboard */; };
		C91E5C031BEEC4800043C951 /* Assets.xcassets in Resources */ = {isa = PBXBuildFile; fileRef = C91E5C021BEEC4800043C951 /* Assets.xcassets */; };
		C91E5C061BEEC4800043C951 /* LaunchScreen.storyboard in Resources */ = {isa = PBXBuildFile; fileRef = C91E5C041BEEC4800043C951 /* LaunchScreen.storyboard */; };
		C91E5C0E1BEECE5D0043C951 /* Question.swift in Sources */ = {isa = PBXBuildFile; fileRef = C91E5C0D1BEECE5D0043C951 /* Question.swift */; };
		C91E5C101BEECE6F0043C951 /* Answer.swift in Sources */ = {isa = PBXBuildFile; fileRef = C91E5C0F1BEECE6F0043C951 /* Answer.swift */; };
		C91E5C121BEED0470043C951 /* QAController.swift in Sources */ = {isa = PBXBuildFile; fileRef = C91E5C111BEED0470043C951 /* QAController.swift */; };
		C9DF26911C1D1CEC0081EB0E /* generate-flashcard-answer.rb in Resources */ = {isa = PBXBuildFile; fileRef = C9DF26901C1D1CEC0081EB0E /* generate-flashcard-answer.rb */; };
		C9ECF4231C1D1D2500DD8A3D /* remaining-works.txt in Resources */ = {isa = PBXBuildFile; fileRef = C9ECF4211C1D1D2500DD8A3D /* remaining-works.txt */; };
		C9ECF4241C1D1D2500DD8A3D /* appropriation-works.txt in Resources */ = {isa = PBXBuildFile; fileRef = C9ECF4221C1D1D2500DD8A3D /* appropriation-works.txt */; };
/* End PBXBuildFile section */

/* Begin PBXFileReference section */
		C91E5BF81BEEC4800043C951 /* SimpleFlashCards.app */ = {isa = PBXFileReference; explicitFileType = wrapper.application; includeInIndex = 0; path = SimpleFlashCards.app; sourceTree = BUILT_PRODUCTS_DIR; };
		C91E5BFB1BEEC4800043C951 /* AppDelegate.swift */ = {isa = PBXFileReference; lastKnownFileType = sourcecode.swift; path = AppDelegate.swift; sourceTree = "<group>"; };
		C91E5BFD1BEEC4800043C951 /* ViewController.swift */ = {isa = PBXFileReference; lastKnownFileType = sourcecode.swift; path = ViewController.swift; sourceTree = "<group>"; };
		C91E5C001BEEC4800043C951 /* Base */ = {isa = PBXFileReference; lastKnownFileType = file.storyboard; name = Base; path = Base.lproj/Main.storyboard; sourceTree = "<group>"; };
		C91E5C021BEEC4800043C951 /* Assets.xcassets */ = {isa = PBXFileReference; lastKnownFileType = folder.assetcatalog; path = Assets.xcassets; sourceTree = "<group>"; };
		C91E5C051BEEC4800043C951 /* Base */ = {isa = PBXFileReference; lastKnownFileType = file.storyboard; name = Base; path = Base.lproj/LaunchScreen.storyboard; sourceTree = "<group>"; };
		C91E5C071BEEC4800043C951 /* Info.plist */ = {isa = PBXFileReference; lastKnownFileType = text.plist.xml; path = Info.plist; sourceTree = "<group>"; };
		C91E5C0D1BEECE5D0043C951 /* Question.swift */ = {isa = PBXFileReference; fileEncoding = 4; lastKnownFileType = sourcecode.swift; path = Question.swift; sourceTree = "<group>"; };
		C91E5C0F1BEECE6F0043C951 /* Answer.swift */ = {isa = PBXFileReference; fileEncoding = 4; lastKnownFileType = sourcecode.swift; path = Answer.swift; sourceTree = "<group>"; };
		C91E5C111BEED0470043C951 /* QAController.swift */ = {isa = PBXFileReference; fileEncoding = 4; lastKnownFileType = sourcecode.swift; path = QAController.swift; sourceTree = "<group>"; };
		C9DF26901C1D1CEC0081EB0E /* generate-flashcard-answer.rb */ = {isa = PBXFileReference; fileEncoding = 4; lastKnownFileType = text.script.ruby; path = "generate-flashcard-answer.rb"; sourceTree = "<group>"; };
		C9ECF4211C1D1D2500DD8A3D /* remaining-works.txt */ = {isa = PBXFileReference; fileEncoding = 4; lastKnownFileType = text; path = "remaining-works.txt"; sourceTree = "<group>"; };
		C9ECF4221C1D1D2500DD8A3D /* appropriation-works.txt */ = {isa = PBXFileReference; fileEncoding = 4; lastKnownFileType = text; path = "appropriation-works.txt"; sourceTree = "<group>"; };
/* End PBXFileReference section */

/* Begin PBXFrameworksBuildPhase section */
		C91E5BF51BEEC4800043C951 /* Frameworks */ = {
			isa = PBXFrameworksBuildPhase;
			buildActionMask = 2147483647;
			files = (
			);
			runOnlyForDeploymentPostprocessing = 0;
		};
/* End PBXFrameworksBuildPhase section */

/* Begin PBXGroup section */
		C91E5BEF1BEEC4800043C951 = {
			isa = PBXGroup;
			children = (
				C91E5BFA1BEEC4800043C951 /* SimpleFlashCards */,
				C91E5BF91BEEC4800043C951 /* Products */,
				C9DF268F1C1D1CCF0081EB0E /* Tools */,
			);
			sourceTree = "<group>";
		};
		C91E5BF91BEEC4800043C951 /* Products */ = {
			isa = PBXGroup;
			children = (
				C91E5BF81BEEC4800043C951 /* SimpleFlashCards.app */,
			);
			name = Products;
			sourceTree = "<group>";
		};
		C91E5BFA1BEEC4800043C951 /* SimpleFlashCards */ = {
			isa = PBXGroup;
			children = (
				C91E5BFB1BEEC4800043C951 /* AppDelegate.swift */,
				C91E5BFD1BEEC4800043C951 /* ViewController.swift */,
				C91E5BFF1BEEC4800043C951 /* Main.storyboard */,
				C91E5C021BEEC4800043C951 /* Assets.xcassets */,
				C91E5C041BEEC4800043C951 /* LaunchScreen.storyboard */,
				C91E5C071BEEC4800043C951 /* Info.plist */,
				C91E5C0F1BEECE6F0043C951 /* Answer.swift */,
				C91E5C0D1BEECE5D0043C951 /* Question.swift */,
				C91E5C111BEED0470043C951 /* QAController.swift */,
			);
			path = SimpleFlashCards;
			sourceTree = "<group>";
		};
		C9DF268F1C1D1CCF0081EB0E /* Tools */ = {
			isa = PBXGroup;
			children = (
				C9DF26901C1D1CEC0081EB0E /* generate-flashcard-answer.rb */,
				C9ECF4211C1D1D2500DD8A3D /* remaining-works.txt */,
				C9ECF4221C1D1D2500DD8A3D /* appropriation-works.txt */,
			);
			name = Tools;
			path = SimpleFlashCards;
			sourceTree = "<group>";
		};
/* End PBXGroup section */

/* Begin PBXNativeTarget section */
		C91E5BF71BEEC4800043C951 /* SimpleFlashCards */ = {
			isa = PBXNativeTarget;
			buildConfigurationList = C91E5C0A1BEEC4800043C951 /* Build configuration list for PBXNativeTarget "SimpleFlashCards" */;
			buildPhases = (
				C91E5BF41BEEC4800043C951 /* Sources */,
				C91E5BF51BEEC4800043C951 /* Frameworks */,
				C91E5BF61BEEC4800043C951 /* Resources */,
			);
			buildRules = (
			);
			dependencies = (
			);
			name = SimpleFlashCards;
			productName = SimpleFlashCards;
			productReference = C91E5BF81BEEC4800043C951 /* SimpleFlashCards.app */;
			productType = "com.apple.product-type.application";
		};
/* End PBXNativeTarget section */

/* Begin PBXProject section */
		C91E5BF01BEEC4800043C951 /* Project object */ = {
			isa = PBXProject;
			attributes = {
				LastSwiftUpdateCheck = 0710;
				LastUpgradeCheck = 0820;
				ORGANIZATIONNAME = "Matt S Becker";
				TargetAttributes = {
					C91E5BF71BEEC4800043C951 = {
						CreatedOnToolsVersion = 7.1;
						DevelopmentTeam = 2JUZD3ZDTY;
						LastSwiftMigration = 0820;
					};
				};
			};
			buildConfigurationList = C91E5BF31BEEC4800043C951 /* Build configuration list for PBXProject "SimpleFlashCards" */;
			compatibilityVersion = "Xcode 3.2";
			developmentRegion = English;
			hasScannedForEncodings = 0;
			knownRegions = (
				en,
				Base,
			);
			mainGroup = C91E5BEF1BEEC4800043C951;
			productRefGroup = C91E5BF91BEEC4800043C951 /* Products */;
			projectDirPath = "";
			projectRoot = "";
			targets = (
				C91E5BF71BEEC4800043C951 /* SimpleFlashCards */,
			);
		};
/* End PBXProject section */

/* Begin PBXResourcesBuildPhase section */
		C91E5BF61BEEC4800043C951 /* Resources */ = {
			isa = PBXResourcesBuildPhase;
			buildActionMask = 2147483647;
			files = (
				C91E5C061BEEC4800043C951 /* LaunchScreen.storyboard in Resources */,
				C9ECF4231C1D1D2500DD8A3D /* remaining-works.txt in Resources */,
				C9ECF4241C1D1D2500DD8A3D /* appropriation-works.txt in Resources */,
				C91E5C031BEEC4800043C951 /* Assets.xcassets in Resources */,
				C91E5C011BEEC4800043C951 /* Main.storyboard in Resources */,
				C9DF26911C1D1CEC0081EB0E /* generate-flashcard-answer.rb in Resources */,
			);
			runOnlyForDeploymentPostprocessing = 0;
		};
/* End PBXResourcesBuildPhase section */

/* Begin PBXSourcesBuildPhase section */
		C91E5BF41BEEC4800043C951 /* Sources */ = {
			isa = PBXSourcesBuildPhase;
			buildActionMask = 2147483647;
			files = (
				C91E5C0E1BEECE5D0043C951 /* Question.swift in Sources */,
				C91E5BFE1BEEC4800043C951 /* ViewController.swift in Sources */,
				C91E5C121BEED0470043C951 /* QAController.swift in Sources */,
				C91E5BFC1BEEC4800043C951 /* AppDelegate.swift in Sources */,
				C91E5C101BEECE6F0043C951 /* Answer.swift in Sources */,
			);
			runOnlyForDeploymentPostprocessing = 0;
		};
/* End PBXSourcesBuildPhase section */

/* Begin PBXVariantGroup section */
		C91E5BFF1BEEC4800043C951 /* Main.storyboard */ = {
			isa = PBXVariantGroup;
			children = (
				C91E5C001BEEC4800043C951 /* Base */,
			);
			name = Main.storyboard;
			sourceTree = "<group>";
		};
		C91E5C041BEEC4800043C951 /* LaunchScreen.storyboard */ = {
			isa = PBXVariantGroup;
			children = (
				C91E5C051BEEC4800043C951 /* Base */,
			);
			name = LaunchScreen.storyboard;
			sourceTree = "<group>";
		};
/* End PBXVariantGroup section */

/* Begin XCBuildConfiguration section */
		C91E5C081BEEC4800043C951 /* Debug */ = {
			isa = XCBuildConfiguration;
			buildSettings = {
				ALWAYS_SEARCH_USER_PATHS = NO;
				CLANG_CXX_LANGUAGE_STANDARD = "gnu++0x";
				CLANG_CXX_LIBRARY = "libc++";
				CLANG_ENABLE_MODULES = YES;
				CLANG_ENABLE_OBJC_ARC = YES;
				CLANG_WARN_BOOL_CONVERSION = YES;
				CLANG_WARN_CONSTANT_CONVERSION = YES;
				CLANG_WARN_DIRECT_OBJC_ISA_USAGE = YES_ERROR;
				CLANG_WARN_EMPTY_BODY = YES;
				CLANG_WARN_ENUM_CONVERSION = YES;
				CLANG_WARN_INFINITE_RECURSION = YES;
				CLANG_WARN_INT_CONVERSION = YES;
				CLANG_WARN_OBJC_ROOT_CLASS = YES_ERROR;
				CLANG_WARN_SUSPICIOUS_MOVE = YES;
				CLANG_WARN_UNREACHABLE_CODE = YES;
				CLANG_WARN__DUPLICATE_METHOD_MATCH = YES;
				"CODE_SIGN_IDENTITY[sdk=iphoneos*]" = "iPhone Developer";
				COPY_PHASE_STRIP = NO;
				DEBUG_INFORMATION_FORMAT = dwarf;
				ENABLE_STRICT_OBJC_MSGSEND = YES;
				ENABLE_TESTABILITY = YES;
				GCC_C_LANGUAGE_STANDARD = gnu99;
				GCC_DYNAMIC_NO_PIC = NO;
				GCC_NO_COMMON_BLOCKS = YES;
				GCC_OPTIMIZATION_LEVEL = 0;
				GCC_PREPROCESSOR_DEFINITIONS = (
					"DEBUG=1",
					"$(inherited)",
				);
				GCC_WARN_64_TO_32_BIT_CONVERSION = YES;
				GCC_WARN_ABOUT_RETURN_TYPE = YES_ERROR;
				GCC_WARN_UNDECLARED_SELECTOR = YES;
				GCC_WARN_UNINITIALIZED_AUTOS = YES_AGGRESSIVE;
				GCC_WARN_UNUSED_FUNCTION = YES;
				GCC_WARN_UNUSED_VARIABLE = YES;
				IPHONEOS_DEPLOYMENT_TARGET = 8.0;
				MTL_ENABLE_DEBUG_INFO = YES;
				ONLY_ACTIVE_ARCH = YES;
				SDKROOT = iphoneos;
				SWIFT_OPTIMIZATION_LEVEL = "-Onone";
			};
			name = Debug;
		};
		C91E5C091BEEC4800043C951 /* Release */ = {
			isa = XCBuildConfiguration;
			buildSettings = {
				ALWAYS_SEARCH_USER_PATHS = NO;
				CLANG_CXX_LANGUAGE_STANDARD = "gnu++0x";
				CLANG_CXX_LIBRARY = "libc++";
				CLANG_ENABLE_MODULES = YES;
				CLANG_ENABLE_OBJC_ARC = YES;
				CLANG_WARN_BOOL_CONVERSION = YES;
				CLANG_WARN_CONSTANT_CONVERSION = YES;
				CLANG_WARN_DIRECT_OBJC_ISA_USAGE = YES_ERROR;
				CLANG_WARN_EMPTY_BODY = YES;
				CLANG_WARN_ENUM_CONVERSION = YES;
				CLANG_WARN_INFINITE_RECURSION = YES;
				CLANG_WARN_INT_CONVERSION = YES;
				CLANG_WARN_OBJC_ROOT_CLASS = YES_ERROR;
				CLANG_WARN_SUSPICIOUS_MOVE = YES;
				CLANG_WARN_UNREACHABLE_CODE = YES;
				CLANG_WARN__DUPLICATE_METHOD_MATCH = YES;
				"CODE_SIGN_IDENTITY[sdk=iphoneos*]" = "iPhone Developer";
				COPY_PHASE_STRIP = NO;
				DEBUG_INFORMATION_FORMAT = "dwarf-with-dsym";
				ENABLE_NS_ASSERTIONS = NO;
				ENABLE_STRICT_OBJC_MSGSEND = YES;
				GCC_C_LANGUAGE_STANDARD = gnu99;
				GCC_NO_COMMON_BLOCKS = YES;
				GCC_WARN_64_TO_32_BIT_CONVERSION = YES;
				GCC_WARN_ABOUT_RETURN_TYPE = YES_ERROR;
				GCC_WARN_UNDECLARED_SELECTOR = YES;
				GCC_WARN_UNINITIALIZED_AUTOS = YES_AGGRESSIVE;
				GCC_WARN_UNUSED_FUNCTION = YES;
				GCC_WARN_UNUSED_VARIABLE = YES;
				IPHONEOS_DEPLOYMENT_TARGET = 8.0;
				MTL_ENABLE_DEBUG_INFO = NO;
				SDKROOT = iphoneos;
				SWIFT_OPTIMIZATION_LEVEL = "-Owholemodule";
				VALIDATE_PRODUCT = YES;
			};
			name = Release;
		};
		C91E5C0B1BEEC4800043C951 /* Debug */ = {
			isa = XCBuildConfiguration;
			buildSettings = {
				ASSETCATALOG_COMPILER_APPICON_NAME = AppIcon;
				CODE_SIGN_IDENTITY = "iPhone Developer";
				DEVELOPMENT_TEAM = 2JUZD3ZDTY;
				INFOPLIST_FILE = SimpleFlashCards/Info.plist;
				LD_RUNPATH_SEARCH_PATHS = "$(inherited) @executable_path/Frameworks";
				PRODUCT_BUNDLE_IDENTIFIER = com.mattsbecker.SimpleFlashCards;
				PRODUCT_NAME = "$(TARGET_NAME)";
				SWIFT_VERSION = 3.0;
			};
			name = Debug;
		};
		C91E5C0C1BEEC4800043C951 /* Release */ = {
			isa = XCBuildConfiguration;
			buildSettings = {
				ASSETCATALOG_COMPILER_APPICON_NAME = AppIcon;
				CODE_SIGN_IDENTITY = "iPhone Developer";
				DEVELOPMENT_TEAM = 2JUZD3ZDTY;
				INFOPLIST_FILE = SimpleFlashCards/Info.plist;
				LD_RUNPATH_SEARCH_PATHS = "$(inherited) @executable_path/Frameworks";
				PRODUCT_BUNDLE_IDENTIFIER = com.mattsbecker.SimpleFlashCards;
				PRODUCT_NAME = "$(TARGET_NAME)";
				SWIFT_VERSION = 3.0;
			};
			name = Release;
		};
/* End XCBuildConfiguration section */

/* Begin XCConfigurationList section */
		C91E5BF31BEEC4800043C951 /* Build configuration list for PBXProject "SimpleFlashCards" */ = {
			isa = XCConfigurationList;
			buildConfigurations = (
				C91E5C081BEEC4800043C951 /* Debug */,
				C91E5C091BEEC4800043C951 /* Release */,
			);
			defaultConfigurationIsVisible = 0;
			defaultConfigurationName = Release;
		};
		C91E5C0A1BEEC4800043C951 /* Build configuration list for PBXNativeTarget "SimpleFlashCards" */ = {
			isa = XCConfigurationList;
			buildConfigurations = (
				C91E5C0B1BEEC4800043C951 /* Debug */,
				C91E5C0C1BEEC4800043C951 /* Release */,
			);
			defaultConfigurationIsVisible = 0;
			defaultConfigurationName = Release;
		};
/* End XCConfigurationList section */
	};
	rootObject = C91E5BF01BEEC4800043C951 /* Project object */;
}
